
Microsoft Visual Studio Solution File, Format Version 12.00
# Visual Studio 15
VisualStudioVersion = 15.0.28307.136
MinimumVisualStudioVersion = 10.0.40219.1
Project("{9A19103F-16F7-4668-BE54-9A1E7A4F7556}") = "JasonCable.TodaysMoney", "JasonCable.TodaysMoney.csproj", "{C785662A-E454-4BD0-B116-556DF14F82EB}"
EndProject
Global
	GlobalSection(SolutionConfigurationPlatforms) = preSolution
		Debug|Any CPU = Debug|Any CPU
		Release|Any CPU = Release|Any CPU
	EndGlobalSection
	GlobalSection(ProjectConfigurationPlatforms) = postSolution
		{C785662A-E454-4BD0-B116-556DF14F82EB}.Debug|Any CPU.ActiveCfg = Debug|Any CPU
		{C785662A-E454-4BD0-B116-556DF14F82EB}.Debug|Any CPU.Build.0 = Debug|Any CPU
		{C785662A-E454-4BD0-B116-556DF14F82EB}.Release|Any CPU.ActiveCfg = Release|Any CPU
		{C785662A-E454-4BD0-B116-556DF14F82EB}.Release|Any CPU.Build.0 = Release|Any CPU
	EndGlobalSection
	GlobalSection(SolutionProperties) = preSolution
		HideSolutionNode = FALSE
	EndGlobalSection
	GlobalSection(ExtensibilityGlobals) = postSolution
		SolutionGuid = {B3A30FA4-5A0E-4A9C-8D4E-FC7F986FC18C}
	EndGlobalSection
EndGlobal
